// !$*UTF8*$!
{
	archiveVersion = 1;
	classes = {
	};
	objectVersion = 77;
	objects = {

/* Begin PBXContainerItemProxy section */
		4E282B4A2E77D00A00EFCBFC /* PBXContainerItemProxy */ = {
			isa = PBXContainerItemProxy;
			containerPortal = 4E282B342E77D00800EFCBFC /* Project object */;
			proxyType = 1;
			remoteGlobalIDString = 4E282B3B2E77D00800EFCBFC;
			remoteInfo = FalconEye;
		};
		4E282B542E77D00A00EFCBFC /* PBXContainerItemProxy */ = {
			isa = PBXContainerItemProxy;
			containerPortal = 4E282B342E77D00800EFCBFC /* Project object */;
			proxyType = 1;
			remoteGlobalIDString = 4E282B3B2E77D00800EFCBFC;
			remoteInfo = FalconEye;
		};
/* End PBXContainerItemProxy section */

/* Begin PBXFileReference section */
		4E282B3C2E77D00800EFCBFC /* FalconEye.app */ = {isa = PBXFileReference; explicitFileType = wrapper.application; includeInIndex = 0; path = FalconEye.app; sourceTree = BUILT_PRODUCTS_DIR; };
		4E282B492E77D00A00EFCBFC /* FalconEyeTests.xctest */ = {isa = PBXFileReference; explicitFileType = wrapper.cfbundle; includeInIndex = 0; path = FalconEyeTests.xctest; sourceTree = BUILT_PRODUCTS_DIR; };
		4E282B532E77D00A00EFCBFC /* FalconEyeUITests.xctest */ = {isa = PBXFileReference; explicitFileType = wrapper.cfbundle; includeInIndex = 0; path = FalconEyeUITests.xctest; sourceTree = BUILT_PRODUCTS_DIR; };
/* End PBXFileReference section */

/* Begin PBXFileSystemSynchronizedRootGroup section */
		4E282B3E2E77D00800EFCBFC /* FalconEye */ = {
			isa = PBXFileSystemSynchronizedRootGroup;
			path = FalconEye;
			sourceTree = "<group>";
		};
		4E282B4C2E77D00A00EFCBFC /* FalconEyeTests */ = {
			isa = PBXFileSystemSynchronizedRootGroup;
			path = FalconEyeTests;
			sourceTree = "<group>";
		};
		4E282B562E77D00A00EFCBFC /* FalconEyeUITests */ = {
			isa = PBXFileSystemSynchronizedRootGroup;
			path = FalconEyeUITests;
			sourceTree = "<group>";
		};
/* End PBXFileSystemSynchronizedRootGroup section */

/* Begin PBXFrameworksBuildPhase section */
		4E282B392E77D00800EFCBFC /* Frameworks */ = {
			isa = PBXFrameworksBuildPhase;
			buildActionMask = 2147483647;
			files = (
			);
			runOnlyForDeploymentPostprocessing = 0;
		};
		4E282B462E77D00A00EFCBFC /* Frameworks */ = {
			isa = PBXFrameworksBuildPhase;
			buildActionMask = 2147483647;
			files = (
			);
			runOnlyForDeploymentPostprocessing = 0;
		};
		4E282B502E77D00A00EFCBFC /* Frameworks */ = {
			isa = PBXFrameworksBuildPhase;
			buildActionMask = 2147483647;
			files = (
			);
			runOnlyForDeploymentPostprocessing = 0;
		};
/* End PBXFrameworksBuildPhase section */

/* Begin PBXGroup section */
		4E282B332E77D00800EFCBFC = {
			isa = PBXGroup;
			children = (
				4E282B3E2E77D00800EFCBFC /* FalconEye */,
				4E282B4C2E77D00A00EFCBFC /* FalconEyeTests */,
				4E282B562E77D00A00EFCBFC /* FalconEyeUITests */,
				4E282B3D2E77D00800EFCBFC /* Products */,
			);
			sourceTree = "<group>";
		};
		4E282B3D2E77D00800EFCBFC /* Products */ = {
			isa = PBXGroup;
			children = (
				4E282B3C2E77D00800EFCBFC /* FalconEye.app */,
				4E282B492E77D00A00EFCBFC /* FalconEyeTests.xctest */,
				4E282B532E77D00A00EFCBFC /* FalconEyeUITests.xctest */,
			);
			name = Products;
			sourceTree = "<group>";
		};
/* End PBXGroup section */

/* Begin PBXNativeTarget section */
		4E282B3B2E77D00800EFCBFC /* FalconEye */ = {
			isa = PBXNativeTarget;
			buildConfigurationList = 4E282B5D2E77D00A00EFCBFC /* Build configuration list for PBXNativeTarget "FalconEye" */;
			buildPhases = (
				4E282B382E77D00800EFCBFC /* Sources */,
				4E282B392E77D00800EFCBFC /* Frameworks */,
				4E282B3A2E77D00800EFCBFC /* Resources */,
			);
			buildRules = (
			);
			dependencies = (
			);
			fileSystemSynchronizedGroups = (
				4E282B3E2E77D00800EFCBFC /* FalconEye */,
			);
			name = FalconEye;
			packageProductDependencies = (
			);
			productName = FalconEye;
			productReference = 4E282B3C2E77D00800EFCBFC /* FalconEye.app */;
			productType = "com.apple.product-type.application";
		};
		4E282B482E77D00A00EFCBFC /* FalconEyeTests */ = {
			isa = PBXNativeTarget;
			buildConfigurationList = 4E282B602E77D00A00EFCBFC /* Build configuration list for PBXNativeTarget "FalconEyeTests" */;
			buildPhases = (
				4E282B452E77D00A00EFCBFC /* Sources */,
				4E282B462E77D00A00EFCBFC /* Frameworks */,
				4E282B472E77D00A00EFCBFC /* Resources */,
			);
			buildRules = (
			);
			dependencies = (
				4E282B4B2E77D00A00EFCBFC /* PBXTargetDependency */,
			);
			fileSystemSynchronizedGroups = (
				4E282B4C2E77D00A00EFCBFC /* FalconEyeTests */,
			);
			name = FalconEyeTests;
			packageProductDependencies = (
			);
			productName = FalconEyeTests;
			productReference = 4E282B492E77D00A00EFCBFC /* FalconEyeTests.xctest */;
			productType = "com.apple.product-type.bundle.unit-test";
		};
		4E282B522E77D00A00EFCBFC /* FalconEyeUITests */ = {
			isa = PBXNativeTarget;
			buildConfigurationList = 4E282B632E77D00A00EFCBFC /* Build configuration list for PBXNativeTarget "FalconEyeUITests" */;
			buildPhases = (
				4E282B4F2E77D00A00EFCBFC /* Sources */,
				4E282B502E77D00A00EFCBFC /* Frameworks */,
				4E282B512E77D00A00EFCBFC /* Resources */,
			);
			buildRules = (
			);
			dependencies = (
				4E282B552E77D00A00EFCBFC /* PBXTargetDependency */,
			);
			fileSystemSynchronizedGroups = (
				4E282B562E77D00A00EFCBFC /* FalconEyeUITests */,
			);
			name = FalconEyeUITests;
			packageProductDependencies = (
			);
			productName = FalconEyeUITests;
			productReference = 4E282B532E77D00A00EFCBFC /* FalconEyeUITests.xctest */;
			productType = "com.apple.product-type.bundle.ui-testing";
		};
/* End PBXNativeTarget section */

/* Begin PBXProject section */
		4E282B342E77D00800EFCBFC /* Project object */ = {
			isa = PBXProject;
			attributes = {
				BuildIndependentTargetsInParallel = 1;
				LastSwiftUpdateCheck = 1640;
				LastUpgradeCheck = 1640;
				TargetAttributes = {
					4E282B3B2E77D00800EFCBFC = {
						CreatedOnToolsVersion = 16.4;
					};
					4E282B482E77D00A00EFCBFC = {
						CreatedOnToolsVersion = 16.4;
						TestTargetID = 4E282B3B2E77D00800EFCBFC;
					};
					4E282B522E77D00A00EFCBFC = {
						CreatedOnToolsVersion = 16.4;
						TestTargetID = 4E282B3B2E77D00800EFCBFC;
					};
				};
			};
			buildConfigurationList = 4E282B372E77D00800EFCBFC /* Build configuration list for PBXProject "FalconEye" */;
			developmentRegion = en;
			hasScannedForEncodings = 0;
			knownRegions = (
				en,
				Base,
			);
			mainGroup = 4E282B332E77D00800EFCBFC;
			minimizedProjectReferenceProxies = 1;
			preferredProjectObjectVersion = 77;
			productRefGroup = 4E282B3D2E77D00800EFCBFC /* Products */;
			projectDirPath = "";
			projectRoot = "";
			targets = (
				4E282B3B2E77D00800EFCBFC /* FalconEye */,
				4E282B482E77D00A00EFCBFC /* FalconEyeTests */,
				4E282B522E77D00A00EFCBFC /* FalconEyeUITests */,
			);
		};
/* End PBXProject section */

/* Begin PBXResourcesBuildPhase section */
		4E282B3A2E77D00800EFCBFC /* Resources */ = {
			isa = PBXResourcesBuildPhase;
			buildActionMask = 2147483647;
			files = (
			);
			runOnlyForDeploymentPostprocessing = 0;
		};
		4E282B472E77D00A00EFCBFC /* Resources */ = {
			isa = PBXResourcesBuildPhase;
			buildActionMask = 2147483647;
			files = (
			);
			runOnlyForDeploymentPostprocessing = 0;
		};
		4E282B512E77D00A00EFCBFC /* Resources */ = {
			isa = PBXResourcesBuildPhase;
			buildActionMask = 2147483647;
			files = (
			);
			runOnlyForDeploymentPostprocessing = 0;
		};
/* End PBXResourcesBuildPhase section */

/* Begin PBXSourcesBuildPhase section */
		4E282B382E77D00800EFCBFC /* Sources */ = {
			isa = PBXSourcesBuildPhase;
			buildActionMask = 2147483647;
			files = (
			);
			runOnlyForDeploymentPostprocessing = 0;
		};
		4E282B452E77D00A00EFCBFC /* Sources */ = {
			isa = PBXSourcesBuildPhase;
			buildActionMask = 2147483647;
			files = (
			);
			runOnlyForDeploymentPostprocessing = 0;
		};
		4E282B4F2E77D00A00EFCBFC /* Sources */ = {
			isa = PBXSourcesBuildPhase;
			buildActionMask = 2147483647;
			files = (
			);
			runOnlyForDeploymentPostprocessing = 0;
		};
/* End PBXSourcesBuildPhase section */

/* Begin PBXTargetDependency section */
		4E282B4B2E77D00A00EFCBFC /* PBXTargetDependency */ = {
			isa = PBXTargetDependency;
			target = 4E282B3B2E77D00800EFCBFC /* FalconEye */;
			targetProxy = 4E282B4A2E77D00A00EFCBFC /* PBXContainerItemProxy */;
		};
		4E282B552E77D00A00EFCBFC /* PBXTargetDependency */ = {
			isa = PBXTargetDependency;
			target = 4E282B3B2E77D00800EFCBFC /* FalconEye */;
			targetProxy = 4E282B542E77D00A00EFCBFC /* PBXContainerItemProxy */;
		};
/* End PBXTargetDependency section */

/* Begin XCBuildConfiguration section */
		4E282B5B2E77D00A00EFCBFC /* Debug */ = {
			isa = XCBuildConfiguration;
			buildSettings = {
				ALWAYS_SEARCH_USER_PATHS = NO;
				ASSETCATALOG_COMPILER_GENERATE_SWIFT_ASSET_SYMBOL_EXTENSIONS = YES;
				CLANG_ANALYZER_NONNULL = YES;
				CLANG_ANALYZER_NUMBER_OBJECT_CONVERSION = YES_AGGRESSIVE;
				CLANG_CXX_LANGUAGE_STANDARD = "gnu++20";
				CLANG_ENABLE_MODULES = YES;
				CLANG_ENABLE_OBJC_ARC = YES;
				CLANG_ENABLE_OBJC_WEAK = YES;
				CLANG_WARN_BLOCK_CAPTURE_AUTORELEASING = YES;
				CLANG_WARN_BOOL_CONVERSION = YES;
				CLANG_WARN_COMMA = YES;
				CLANG_WARN_CONSTANT_CONVERSION = YES;
				CLANG_WARN_DEPRECATED_OBJC_IMPLEMENTATIONS = YES;
				CLANG_WARN_DIRECT_OBJC_ISA_USAGE = YES_ERROR;
				CLANG_WARN_DOCUMENTATION_COMMENTS = YES;
				CLANG_WARN_EMPTY_BODY = YES;
				CLANG_WARN_ENUM_CONVERSION = YES;
				CLANG_WARN_INFINITE_RECURSION = YES;
				CLANG_WARN_INT_CONVERSION = YES;
				CLANG_WARN_NON_LITERAL_NULL_CONVERSION = YES;
				CLANG_WARN_OBJC_IMPLICIT_RETAIN_SELF = YES;
				CLANG_WARN_OBJC_LITERAL_CONVERSION = YES;
				CLANG_WARN_OBJC_ROOT_CLASS = YES_ERROR;
				CLANG_WARN_QUOTED_INCLUDE_IN_FRAMEWORK_HEADER = YES;
				CLANG_WARN_RANGE_LOOP_ANALYSIS = YES;
				CLANG_WARN_STRICT_PROTOTYPES = YES;
				CLANG_WARN_SUSPICIOUS_MOVE = YES;
				CLANG_WARN_UNGUARDED_AVAILABILITY = YES_AGGRESSIVE;
				CLANG_WARN_UNREACHABLE_CODE = YES;
				CLANG_WARN__DUPLICATE_METHOD_MATCH = YES;
				COPY_PHASE_STRIP = NO;
				DEBUG_INFORMATION_FORMAT = dwarf;
				DEVELOPMENT_TEAM = 865Z3JRHMV;
				ENABLE_STRICT_OBJC_MSGSEND = YES;
				ENABLE_TESTABILITY = YES;
				ENABLE_USER_SCRIPT_SANDBOXING = YES;
				GCC_C_LANGUAGE_STANDARD = gnu17;
				GCC_DYNAMIC_NO_PIC = NO;
				GCC_NO_COMMON_BLOCKS = YES;
				GCC_OPTIMIZATION_LEVEL = 0;
				GCC_PREPROCESSOR_DEFINITIONS = (
					"DEBUG=1",
					"$(inherited)",
				);
				GCC_WARN_64_TO_32_BIT_CONVERSION = YES;
				GCC_WARN_ABOUT_RETURN_TYPE = YES_ERROR;
				GCC_WARN_UNDECLARED_SELECTOR = YES;
				GCC_WARN_UNINITIALIZED_AUTOS = YES_AGGRESSIVE;
				GCC_WARN_UNUSED_FUNCTION = YES;
				GCC_WARN_UNUSED_VARIABLE = YES;
				IPHONEOS_DEPLOYMENT_TARGET = 18.5;
				LOCALIZATION_PREFERS_STRING_CATALOGS = YES;
				MTL_ENABLE_DEBUG_INFO = INCLUDE_SOURCE;
				MTL_FAST_MATH = YES;
				ONLY_ACTIVE_ARCH = YES;
				SDKROOT = iphoneos;
				SWIFT_ACTIVE_COMPILATION_CONDITIONS = "DEBUG $(inherited)";
				SWIFT_OPTIMIZATION_LEVEL = "-Onone";
			};
			name = Debug;
		};
		4E282B5C2E77D00A00EFCBFC /* Release */ = {
			isa = XCBuildConfiguration;
			buildSettings = {
				ALWAYS_SEARCH_USER_PATHS = NO;
				ASSETCATALOG_COMPILER_GENERATE_SWIFT_ASSET_SYMBOL_EXTENSIONS = YES;
				CLANG_ANALYZER_NONNULL = YES;
				CLANG_ANALYZER_NUMBER_OBJECT_CONVERSION = YES_AGGRESSIVE;
				CLANG_CXX_LANGUAGE_STANDARD = "gnu++20";
				CLANG_ENABLE_MODULES = YES;
				CLANG_ENABLE_OBJC_ARC = YES;
				CLANG_ENABLE_OBJC_WEAK = YES;
				CLANG_WARN_BLOCK_CAPTURE_AUTORELEASING = YES;
				CLANG_WARN_BOOL_CONVERSION = YES;
				CLANG_WARN_COMMA = YES;
				CLANG_WARN_CONSTANT_CONVERSION = YES;
				CLANG_WARN_DEPRECATED_OBJC_IMPLEMENTATIONS = YES;
				CLANG_WARN_DIRECT_OBJC_ISA_USAGE = YES_ERROR;
				CLANG_WARN_DOCUMENTATION_COMMENTS = YES;
				CLANG_WARN_EMPTY_BODY = YES;
				CLANG_WARN_ENUM_CONVERSION = YES;
				CLANG_WARN_INFINITE_RECURSION = YES;
				CLANG_WARN_INT_CONVERSION = YES;
				CLANG_WARN_NON_LITERAL_NULL_CONVERSION = YES;
				CLANG_WARN_OBJC_IMPLICIT_RETAIN_SELF = YES;
				CLANG_WARN_OBJC_LITERAL_CONVERSION = YES;
				CLANG_WARN_OBJC_ROOT_CLASS = YES_ERROR;
				CLANG_WARN_QUOTED_INCLUDE_IN_FRAMEWORK_HEADER = YES;
				CLANG_WARN_RANGE_LOOP_ANALYSIS = YES;
				CLANG_WARN_STRICT_PROTOTYPES = YES;
				CLANG_WARN_SUSPICIOUS_MOVE = YES;
				CLANG_WARN_UNGUARDED_AVAILABILITY = YES_AGGRESSIVE;
				CLANG_WARN_UNREACHABLE_CODE = YES;
				CLANG_WARN__DUPLICATE_METHOD_MATCH = YES;
				COPY_PHASE_STRIP = NO;
				DEBUG_INFORMATION_FORMAT = "dwarf-with-dsym";
				DEVELOPMENT_TEAM = 865Z3JRHMV;
				ENABLE_NS_ASSERTIONS = NO;
				ENABLE_STRICT_OBJC_MSGSEND = YES;
				ENABLE_USER_SCRIPT_SANDBOXING = YES;
				GCC_C_LANGUAGE_STANDARD = gnu17;
				GCC_NO_COMMON_BLOCKS = YES;
				GCC_WARN_64_TO_32_BIT_CONVERSION = YES;
				GCC_WARN_ABOUT_RETURN_TYPE = YES_ERROR;
				GCC_WARN_UNDECLARED_SELECTOR = YES;
				GCC_WARN_UNINITIALIZED_AUTOS = YES_AGGRESSIVE;
				GCC_WARN_UNUSED_FUNCTION = YES;
				GCC_WARN_UNUSED_VARIABLE = YES;
				IPHONEOS_DEPLOYMENT_TARGET = 18.5;
				LOCALIZATION_PREFERS_STRING_CATALOGS = YES;
				MTL_ENABLE_DEBUG_INFO = NO;
				MTL_FAST_MATH = YES;
				SDKROOT = iphoneos;
				SWIFT_COMPILATION_MODE = wholemodule;
				VALIDATE_PRODUCT = YES;
			};
			name = Release;
		};
		4E282B5E2E77D00A00EFCBFC /* Debug */ = {
			isa = XCBuildConfiguration;
			buildSettings = {
				ASSETCATALOG_COMPILER_APPICON_NAME = AppIcon;
				ASSETCATALOG_COMPILER_GLOBAL_ACCENT_COLOR_NAME = AccentColor;
				CODE_SIGN_STYLE = Automatic;
				CURRENT_PROJECT_VERSION = 1;
				DEVELOPMENT_TEAM = 865Z3JRHMV;
				ENABLE_PREVIEWS = YES;
				GENERATE_INFOPLIST_FILE = YES;
				INFOPLIST_KEY_UIApplicationSceneManifest_Generation = YES;
				INFOPLIST_KEY_UIApplicationSupportsIndirectInputEvents = YES;
				INFOPLIST_KEY_UILaunchScreen_Generation = YES;
				INFOPLIST_KEY_UISupportedInterfaceOrientations_iPad = "UIInterfaceOrientationPortrait UIInterfaceOrientationPortraitUpsideDown UIInterfaceOrientationLandscapeLeft UIInterfaceOrientationLandscapeRight";
				INFOPLIST_KEY_UISupportedInterfaceOrientations_iPhone = "UIInterfaceOrientationPortrait UIInterfaceOrientationLandscapeLeft UIInterfaceOrientationLandscapeRight";
				LD_RUNPATH_SEARCH_PATHS = (
					"$(inherited)",
					"@executable_path/Frameworks",
				);
				MARKETING_VERSION = 1.0;
				PRODUCT_BUNDLE_IDENTIFIER = com.falconeye.app.FalconEye;
				PRODUCT_NAME = "$(TARGET_NAME)";
				SWIFT_EMIT_LOC_STRINGS = YES;
				SWIFT_VERSION = 5.0;
				TARGETED_DEVICE_FAMILY = "1,2";
			};
			name = Debug;
		};
		4E282B5F2E77D00A00EFCBFC /* Release */ = {
			isa = XCBuildConfiguration;
			buildSettings = {
				ASSETCATALOG_COMPILER_APPICON_NAME = AppIcon;
				ASSETCATALOG_COMPILER_GLOBAL_ACCENT_COLOR_NAME = AccentColor;
				CODE_SIGN_STYLE = Automatic;
				CURRENT_PROJECT_VERSION = 1;
				DEVELOPMENT_TEAM = 865Z3JRHMV;
				ENABLE_PREVIEWS = YES;
				GENERATE_INFOPLIST_FILE = YES;
				INFOPLIST_KEY_UIApplicationSceneManifest_Generation = YES;
				INFOPLIST_KEY_UIApplicationSupportsIndirectInputEvents = YES;
				INFOPLIST_KEY_UILaunchScreen_Generation = YES;
				INFOPLIST_KEY_UISupportedInterfaceOrientations_iPad = "UIInterfaceOrientationPortrait UIInterfaceOrientationPortraitUpsideDown UIInterfaceOrientationLandscapeLeft UIInterfaceOrientationLandscapeRight";
				INFOPLIST_KEY_UISupportedInterfaceOrientations_iPhone = "UIInterfaceOrientationPortrait UIInterfaceOrientationLandscapeLeft UIInterfaceOrientationLandscapeRight";
				LD_RUNPATH_SEARCH_PATHS = (
					"$(inherited)",
					"@executable_path/Frameworks",
				);
				MARKETING_VERSION = 1.0;
				PRODUCT_BUNDLE_IDENTIFIER = com.falconeye.app.FalconEye;
				PRODUCT_NAME = "$(TARGET_NAME)";
				SWIFT_EMIT_LOC_STRINGS = YES;
				SWIFT_VERSION = 5.0;
				TARGETED_DEVICE_FAMILY = "1,2";
			};
			name = Release;
		};
		4E282B612E77D00A00EFCBFC /* Debug */ = {
			isa = XCBuildConfiguration;
			buildSettings = {
				BUNDLE_LOADER = "$(TEST_HOST)";
				CODE_SIGN_STYLE = Automatic;
				CURRENT_PROJECT_VERSION = 1;
				DEVELOPMENT_TEAM = 865Z3JRHMV;
				GENERATE_INFOPLIST_FILE = YES;
				IPHONEOS_DEPLOYMENT_TARGET = 18.5;
				MARKETING_VERSION = 1.0;
				PRODUCT_BUNDLE_IDENTIFIER = com.falconeye.app.FalconEyeTests;
				PRODUCT_NAME = "$(TARGET_NAME)";
				SWIFT_EMIT_LOC_STRINGS = NO;
				SWIFT_VERSION = 5.0;
				TARGETED_DEVICE_FAMILY = "1,2";
				TEST_HOST = "$(BUILT_PRODUCTS_DIR)/FalconEye.app/$(BUNDLE_EXECUTABLE_FOLDER_PATH)/FalconEye";
			};
			name = Debug;
		};
		4E282B622E77D00A00EFCBFC /* Release */ = {
			isa = XCBuildConfiguration;
			buildSettings = {
				BUNDLE_LOADER = "$(TEST_HOST)";
				CODE_SIGN_STYLE = Automatic;
				CURRENT_PROJECT_VERSION = 1;
				DEVELOPMENT_TEAM = 865Z3JRHMV;
				GENERATE_INFOPLIST_FILE = YES;
				IPHONEOS_DEPLOYMENT_TARGET = 18.5;
				MARKETING_VERSION = 1.0;
				PRODUCT_BUNDLE_IDENTIFIER = com.falconeye.app.FalconEyeTests;
				PRODUCT_NAME = "$(TARGET_NAME)";
				SWIFT_EMIT_LOC_STRINGS = NO;
				SWIFT_VERSION = 5.0;
				TARGETED_DEVICE_FAMILY = "1,2";
				TEST_HOST = "$(BUILT_PRODUCTS_DIR)/FalconEye.app/$(BUNDLE_EXECUTABLE_FOLDER_PATH)/FalconEye";
			};
			name = Release;
		};
		4E282B642E77D00A00EFCBFC /* Debug */ = {
			isa = XCBuildConfiguration;
			buildSettings = {
				CODE_SIGN_STYLE = Automatic;
				CURRENT_PROJECT_VERSION = 1;
				DEVELOPMENT_TEAM = 865Z3JRHMV;
				GENERATE_INFOPLIST_FILE = YES;
				MARKETING_VERSION = 1.0;
				PRODUCT_BUNDLE_IDENTIFIER = com.falconeye.app.FalconEyeUITests;
				PRODUCT_NAME = "$(TARGET_NAME)";
				SWIFT_EMIT_LOC_STRINGS = NO;
				SWIFT_VERSION = 5.0;
				TARGETED_DEVICE_FAMILY = "1,2";
				TEST_TARGET_NAME = FalconEye;
			};
			name = Debug;
		};
		4E282B652E77D00A00EFCBFC /* Release */ = {
			isa = XCBuildConfiguration;
			buildSettings = {
				CODE_SIGN_STYLE = Automatic;
				CURRENT_PROJECT_VERSION = 1;
				DEVELOPMENT_TEAM = 865Z3JRHMV;
				GENERATE_INFOPLIST_FILE = YES;
				MARKETING_VERSION = 1.0;
				PRODUCT_BUNDLE_IDENTIFIER = com.falconeye.app.FalconEyeUITests;
				PRODUCT_NAME = "$(TARGET_NAME)";
				SWIFT_EMIT_LOC_STRINGS = NO;
				SWIFT_VERSION = 5.0;
				TARGETED_DEVICE_FAMILY = "1,2";
				TEST_TARGET_NAME = FalconEye;
			};
			name = Release;
		};
/* End XCBuildConfiguration section */

/* Begin XCConfigurationList section */
		4E282B372E77D00800EFCBFC /* Build configuration list for PBXProject "FalconEye" */ = {
			isa = XCConfigurationList;
			buildConfigurations = (
				4E282B5B2E77D00A00EFCBFC /* Debug */,
				4E282B5C2E77D00A00EFCBFC /* Release */,
			);
			defaultConfigurationIsVisible = 0;
			defaultConfigurationName = Release;
		};
		4E282B5D2E77D00A00EFCBFC /* Build configuration list for PBXNativeTarget "FalconEye" */ = {
			isa = XCConfigurationList;
			buildConfigurations = (
				4E282B5E2E77D00A00EFCBFC /* Debug */,
				4E282B5F2E77D00A00EFCBFC /* Release */,
			);
			defaultConfigurationIsVisible = 0;
			defaultConfigurationName = Release;
		};
		4E282B602E77D00A00EFCBFC /* Build configuration list for PBXNativeTarget "FalconEyeTests" */ = {
			isa = XCConfigurationList;
			buildConfigurations = (
				4E282B612E77D00A00EFCBFC /* Debug */,
				4E282B622E77D00A00EFCBFC /* Release */,
			);
			defaultConfigurationIsVisible = 0;
			defaultConfigurationName = Release;
		};
		4E282B632E77D00A00EFCBFC /* Build configuration list for PBXNativeTarget "FalconEyeUITests" */ = {
			isa = XCConfigurationList;
			buildConfigurations = (
				4E282B642E77D00A00EFCBFC /* Debug */,
				4E282B652E77D00A00EFCBFC /* Release */,
			);
			defaultConfigurationIsVisible = 0;
			defaultConfigurationName = Release;
		};
/* End XCConfigurationList section */
	};
	rootObject = 4E282B342E77D00800EFCBFC /* Project object */;
}
